// !$*UTF8*$!
{
	archiveVersion = 1;
	classes = {
	};
	objectVersion = 56;
	objects = {

/* Begin PBXBuildFile section */
		1507EDF52A57D16800F88EF1 /* LuckyCardNumbertype.swift in Sources */ = {isa = PBXBuildFile; fileRef = 1507EDF02A57D16700F88EF1 /* LuckyCardNumbertype.swift */; };
		1507EDFA2A57D1C300F88EF1 /* Card.swift in Sources */ = {isa = PBXBuildFile; fileRef = 1507EDF92A57D1C300F88EF1 /* Card.swift */; };
		1507EDFB2A57D25A00F88EF1 /* LuckyCard.swift in Sources */ = {isa = PBXBuildFile; fileRef = 1507EDF12A57D16700F88EF1 /* LuckyCard.swift */; };
		1519DB7D2A5C5DB0004A3CF5 /* LuckyCardGameManagerTests.swift in Sources */ = {isa = PBXBuildFile; fileRef = 1519DB7C2A5C5DB0004A3CF5 /* LuckyCardGameManagerTests.swift */; };
		1538415F2A547905004C41D1 /* AppDelegate.swift in Sources */ = {isa = PBXBuildFile; fileRef = 1538415E2A547905004C41D1 /* AppDelegate.swift */; };
		153841612A547905004C41D1 /* SceneDelegate.swift in Sources */ = {isa = PBXBuildFile; fileRef = 153841602A547905004C41D1 /* SceneDelegate.swift */; };
		153841632A547905004C41D1 /* LuckyCardGameViewController.swift in Sources */ = {isa = PBXBuildFile; fileRef = 153841622A547905004C41D1 /* LuckyCardGameViewController.swift */; };
		153841682A547906004C41D1 /* Assets.xcassets in Resources */ = {isa = PBXBuildFile; fileRef = 153841672A547906004C41D1 /* Assets.xcassets */; };
		1538416B2A547906004C41D1 /* LaunchScreen.storyboard in Resources */ = {isa = PBXBuildFile; fileRef = 153841692A547906004C41D1 /* LaunchScreen.storyboard */; };
		1538417F2A547BE0004C41D1 /* ConvenienceInit.swift in Sources */ = {isa = PBXBuildFile; fileRef = 153841782A547BE0004C41D1 /* ConvenienceInit.swift */; };
		153841802A547BE0004C41D1 /* LayoutSupport.swift in Sources */ = {isa = PBXBuildFile; fileRef = 153841792A547BE0004C41D1 /* LayoutSupport.swift */; };
		153841812A547BE0004C41D1 /* UIConstant.swift in Sources */ = {isa = PBXBuildFile; fileRef = 1538417B2A547BE0004C41D1 /* UIConstant.swift */; };
		153841822A547BE0004C41D1 /* UISpacing.swift in Sources */ = {isa = PBXBuildFile; fileRef = 1538417C2A547BE0004C41D1 /* UISpacing.swift */; };
		153841832A547BE0004C41D1 /* BaseRoundView.swift in Sources */ = {isa = PBXBuildFile; fileRef = 1538417E2A547BE0004C41D1 /* BaseRoundView.swift */; };
		153841992A547C2E004C41D1 /* LuckyCardGameFooter.swift in Sources */ = {isa = PBXBuildFile; fileRef = 153841862A547C2D004C41D1 /* LuckyCardGameFooter.swift */; };
		1538419A2A547C2E004C41D1 /* PlayerCardBoardView.swift in Sources */ = {isa = PBXBuildFile; fileRef = 153841882A547C2D004C41D1 /* PlayerCardBoardView.swift */; };
		1538419B2A547C2E004C41D1 /* LuckyCardGameContentView.swift in Sources */ = {isa = PBXBuildFile; fileRef = 153841892A547C2D004C41D1 /* LuckyCardGameContentView.swift */; };
		1538419C2A547C2E004C41D1 /* LuckyCardGameView.swift in Sources */ = {isa = PBXBuildFile; fileRef = 1538418A2A547C2D004C41D1 /* LuckyCardGameView.swift */; };
		1538419D2A547C2E004C41D1 /* LuckyCardGameHeader.swift in Sources */ = {isa = PBXBuildFile; fileRef = 1538418C2A547C2D004C41D1 /* LuckyCardGameHeader.swift */; };
		153841A32A547C2E004C41D1 /* PlayerBoardType.swift in Sources */ = {isa = PBXBuildFile; fileRef = 153841972A547C2E004C41D1 /* PlayerBoardType.swift */; };
		153841A42A547C2E004C41D1 /* PlayerHeadCountType.swift in Sources */ = {isa = PBXBuildFile; fileRef = 153841982A547C2E004C41D1 /* PlayerHeadCountType.swift */; };
		153841B82A55A5C9004C41D1 /* CardShapeStorage.swift in Sources */ = {isa = PBXBuildFile; fileRef = 153841B72A55A5C9004C41D1 /* CardShapeStorage.swift */; };
		153841C32A55BF6B004C41D1 /* Deck.swift in Sources */ = {isa = PBXBuildFile; fileRef = 153841C22A55BF6B004C41D1 /* Deck.swift */; };
		153841C62A55C48E004C41D1 /* LuckyCardDeckImpl.swift in Sources */ = {isa = PBXBuildFile; fileRef = 153841C52A55C48E004C41D1 /* LuckyCardDeckImpl.swift */; };
		153841CA2A55D1F8004C41D1 /* LuckyCardDeckError.swift in Sources */ = {isa = PBXBuildFile; fileRef = 153841C92A55D1F8004C41D1 /* LuckyCardDeckError.swift */; };
		153841CE2A55DAE6004C41D1 /* String+ToUnicodeTypeString.swift in Sources */ = {isa = PBXBuildFile; fileRef = 153841CD2A55DAE6004C41D1 /* String+ToUnicodeTypeString.swift */; };
		153841D52A55EA11004C41D1 /* LuckyCardManager.swift in Sources */ = {isa = PBXBuildFile; fileRef = 153841D42A55EA11004C41D1 /* LuckyCardManager.swift */; };
		153841DB2A565A0B004C41D1 /* UIView+Constant.swift in Sources */ = {isa = PBXBuildFile; fileRef = 153841DA2A565A0B004C41D1 /* UIView+Constant.swift */; };
		153841DD2A565DB4004C41D1 /* BaseViewPalette.swift in Sources */ = {isa = PBXBuildFile; fileRef = 153841DC2A565DB4004C41D1 /* BaseViewPalette.swift */; };
		153841E42A574152004C41D1 /* CardShapeEnumProtocol.swift in Sources */ = {isa = PBXBuildFile; fileRef = 153841E32A574152004C41D1 /* CardShapeEnumProtocol.swift */; };
		153841E62A574336004C41D1 /* CardManager.swift in Sources */ = {isa = PBXBuildFile; fileRef = 153841E52A574336004C41D1 /* CardManager.swift */; };
		15847E0F2A57D3EB000C3B04 /* LuckyCardShapeType.swift in Sources */ = {isa = PBXBuildFile; fileRef = 15847E0E2A57D3EB000C3B04 /* LuckyCardShapeType.swift */; };
		15847E112A57D599000C3B04 /* CardShapeStorageImpl.swift in Sources */ = {isa = PBXBuildFile; fileRef = 15847E102A57D599000C3B04 /* CardShapeStorageImpl.swift */; };
		15847E392A5861CA000C3B04 /* PlayersCardAreaViewController.swift in Sources */ = {isa = PBXBuildFile; fileRef = 15847E382A5861CA000C3B04 /* PlayersCardAreaViewController.swift */; };
		15847E3B2A58693C000C3B04 /* Notification+.swift in Sources */ = {isa = PBXBuildFile; fileRef = 15847E3A2A58693C000C3B04 /* Notification+.swift */; };
		15847E3F2A58AE5C000C3B04 /* CardNumberEnumProtocol.swift in Sources */ = {isa = PBXBuildFile; fileRef = 15847E3E2A58AE5C000C3B04 /* CardNumberEnumProtocol.swift */; };
		15DD40192A598EC1002BC5F8 /* CardView.swift in Sources */ = {isa = PBXBuildFile; fileRef = 15DD40182A598EC1002BC5F8 /* CardView.swift */; };
		15DD401C2A599921002BC5F8 /* LuckyCardViewModel.swift in Sources */ = {isa = PBXBuildFile; fileRef = 15DD401B2A599921002BC5F8 /* LuckyCardViewModel.swift */; };
		15DD401F2A599953002BC5F8 /* LuckyCardViewModelProtocol.swift in Sources */ = {isa = PBXBuildFile; fileRef = 15DD401E2A599953002BC5F8 /* LuckyCardViewModelProtocol.swift */; };
		15DD40392A5A9566002BC5F8 /* PlayersCardBoardAreaViewModel.swift in Sources */ = {isa = PBXBuildFile; fileRef = 15DD40382A5A9566002BC5F8 /* PlayersCardBoardAreaViewModel.swift */; };
		15DD403B2A5A970E002BC5F8 /* PlayersCardBoardAreaViewModelProtocol.swift in Sources */ = {isa = PBXBuildFile; fileRef = 15DD403A2A5A970E002BC5F8 /* PlayersCardBoardAreaViewModelProtocol.swift */; };
		15DD403D2A5A9EC4002BC5F8 /* PlayerCardBoardViewModel.swift in Sources */ = {isa = PBXBuildFile; fileRef = 15DD403C2A5A9EC4002BC5F8 /* PlayerCardBoardViewModel.swift */; };
		15DD40412A5AF739002BC5F8 /* LuckyCardGameFooterViewModel.swift in Sources */ = {isa = PBXBuildFile; fileRef = 15DD40402A5AF739002BC5F8 /* LuckyCardGameFooterViewModel.swift */; };
		15DD40432A5B1780002BC5F8 /* Player.swift in Sources */ = {isa = PBXBuildFile; fileRef = 15DD40422A5B1780002BC5F8 /* Player.swift */; };
/* End PBXBuildFile section */

/* Begin PBXContainerItemProxy section */
		1519DB752A5C5C2B004A3CF5 /* PBXContainerItemProxy */ = {
			isa = PBXContainerItemProxy;
			containerPortal = 153841532A547905004C41D1 /* Project object */;
			proxyType = 1;
			remoteGlobalIDString = 1538415A2A547905004C41D1;
			remoteInfo = LuckyCardGame;
		};
/* End PBXContainerItemProxy section */

/* Begin PBXFileReference section */
		1507EDF02A57D16700F88EF1 /* LuckyCardNumbertype.swift */ = {isa = PBXFileReference; fileEncoding = 4; lastKnownFileType = sourcecode.swift; path = LuckyCardNumbertype.swift; sourceTree = "<group>"; };
		1507EDF12A57D16700F88EF1 /* LuckyCard.swift */ = {isa = PBXFileReference; fileEncoding = 4; lastKnownFileType = sourcecode.swift; path = LuckyCard.swift; sourceTree = "<group>"; };
		1507EDF92A57D1C300F88EF1 /* Card.swift */ = {isa = PBXFileReference; fileEncoding = 4; lastKnownFileType = sourcecode.swift; path = Card.swift; sourceTree = "<group>"; };
		1519DB712A5C5C2A004A3CF5 /* LuckyCardGameTests.xctest */ = {isa = PBXFileReference; explicitFileType = wrapper.cfbundle; includeInIndex = 0; path = LuckyCardGameTests.xctest; sourceTree = BUILT_PRODUCTS_DIR; };
		1519DB7C2A5C5DB0004A3CF5 /* LuckyCardGameManagerTests.swift */ = {isa = PBXFileReference; lastKnownFileType = sourcecode.swift; path = LuckyCardGameManagerTests.swift; sourceTree = "<group>"; };
		1538415B2A547905004C41D1 /* LuckyCardGame.app */ = {isa = PBXFileReference; explicitFileType = wrapper.application; includeInIndex = 0; path = LuckyCardGame.app; sourceTree = BUILT_PRODUCTS_DIR; };
		1538415E2A547905004C41D1 /* AppDelegate.swift */ = {isa = PBXFileReference; lastKnownFileType = sourcecode.swift; path = AppDelegate.swift; sourceTree = "<group>"; };
		153841602A547905004C41D1 /* SceneDelegate.swift */ = {isa = PBXFileReference; lastKnownFileType = sourcecode.swift; path = SceneDelegate.swift; sourceTree = "<group>"; };
		153841622A547905004C41D1 /* LuckyCardGameViewController.swift */ = {isa = PBXFileReference; lastKnownFileType = sourcecode.swift; path = LuckyCardGameViewController.swift; sourceTree = "<group>"; };
		153841672A547906004C41D1 /* Assets.xcassets */ = {isa = PBXFileReference; lastKnownFileType = folder.assetcatalog; path = Assets.xcassets; sourceTree = "<group>"; };
		1538416A2A547906004C41D1 /* Base */ = {isa = PBXFileReference; lastKnownFileType = file.storyboard; name = Base; path = Base.lproj/LaunchScreen.storyboard; sourceTree = "<group>"; };
		1538416C2A547906004C41D1 /* Info.plist */ = {isa = PBXFileReference; lastKnownFileType = text.plist.xml; path = Info.plist; sourceTree = "<group>"; };
		153841782A547BE0004C41D1 /* ConvenienceInit.swift */ = {isa = PBXFileReference; fileEncoding = 4; lastKnownFileType = sourcecode.swift; path = ConvenienceInit.swift; sourceTree = "<group>"; };
		153841792A547BE0004C41D1 /* LayoutSupport.swift */ = {isa = PBXFileReference; fileEncoding = 4; lastKnownFileType = sourcecode.swift; path = LayoutSupport.swift; sourceTree = "<group>"; };
		1538417B2A547BE0004C41D1 /* UIConstant.swift */ = {isa = PBXFileReference; fileEncoding = 4; lastKnownFileType = sourcecode.swift; path = UIConstant.swift; sourceTree = "<group>"; };
		1538417C2A547BE0004C41D1 /* UISpacing.swift */ = {isa = PBXFileReference; fileEncoding = 4; lastKnownFileType = sourcecode.swift; path = UISpacing.swift; sourceTree = "<group>"; };
		1538417E2A547BE0004C41D1 /* BaseRoundView.swift */ = {isa = PBXFileReference; fileEncoding = 4; lastKnownFileType = sourcecode.swift; path = BaseRoundView.swift; sourceTree = "<group>"; };
		153841862A547C2D004C41D1 /* LuckyCardGameFooter.swift */ = {isa = PBXFileReference; fileEncoding = 4; lastKnownFileType = sourcecode.swift; path = LuckyCardGameFooter.swift; sourceTree = "<group>"; };
		153841882A547C2D004C41D1 /* PlayerCardBoardView.swift */ = {isa = PBXFileReference; fileEncoding = 4; lastKnownFileType = sourcecode.swift; path = PlayerCardBoardView.swift; sourceTree = "<group>"; };
		153841892A547C2D004C41D1 /* LuckyCardGameContentView.swift */ = {isa = PBXFileReference; fileEncoding = 4; lastKnownFileType = sourcecode.swift; path = LuckyCardGameContentView.swift; sourceTree = "<group>"; };
		1538418A2A547C2D004C41D1 /* LuckyCardGameView.swift */ = {isa = PBXFileReference; fileEncoding = 4; lastKnownFileType = sourcecode.swift; path = LuckyCardGameView.swift; sourceTree = "<group>"; };
		1538418C2A547C2D004C41D1 /* LuckyCardGameHeader.swift */ = {isa = PBXFileReference; fileEncoding = 4; lastKnownFileType = sourcecode.swift; path = LuckyCardGameHeader.swift; sourceTree = "<group>"; };
		153841972A547C2E004C41D1 /* PlayerBoardType.swift */ = {isa = PBXFileReference; fileEncoding = 4; lastKnownFileType = sourcecode.swift; path = PlayerBoardType.swift; sourceTree = "<group>"; };
		153841982A547C2E004C41D1 /* PlayerHeadCountType.swift */ = {isa = PBXFileReference; fileEncoding = 4; lastKnownFileType = sourcecode.swift; path = PlayerHeadCountType.swift; sourceTree = "<group>"; };
		153841A92A5556C4004C41D1 /* LuckyCardShapeType.swift */ = {isa = PBXFileReference; lastKnownFileType = sourcecode.swift; path = LuckyCardShapeType.swift; sourceTree = "<group>"; };
		153841AB2A5558A2004C41D1 /* CardShapeStorageImpl.swift */ = {isa = PBXFileReference; lastKnownFileType = sourcecode.swift; path = CardShapeStorageImpl.swift; sourceTree = "<group>"; };
		153841AD2A555FD6004C41D1 /* Card.swift */ = {isa = PBXFileReference; lastKnownFileType = sourcecode.swift; path = Card.swift; sourceTree = "<group>"; };
		153841AF2A5569C0004C41D1 /* LuckyCard.swift */ = {isa = PBXFileReference; lastKnownFileType = sourcecode.swift; path = LuckyCard.swift; sourceTree = "<group>"; };
		153841B72A55A5C9004C41D1 /* CardShapeStorage.swift */ = {isa = PBXFileReference; lastKnownFileType = sourcecode.swift; path = CardShapeStorage.swift; sourceTree = "<group>"; };
		153841C22A55BF6B004C41D1 /* Deck.swift */ = {isa = PBXFileReference; lastKnownFileType = sourcecode.swift; path = Deck.swift; sourceTree = "<group>"; };
		153841C52A55C48E004C41D1 /* LuckyCardDeckImpl.swift */ = {isa = PBXFileReference; lastKnownFileType = sourcecode.swift; path = LuckyCardDeckImpl.swift; sourceTree = "<group>"; };
		153841C92A55D1F8004C41D1 /* LuckyCardDeckError.swift */ = {isa = PBXFileReference; lastKnownFileType = sourcecode.swift; path = LuckyCardDeckError.swift; sourceTree = "<group>"; };
		153841CD2A55DAE6004C41D1 /* String+ToUnicodeTypeString.swift */ = {isa = PBXFileReference; lastKnownFileType = sourcecode.swift; path = "String+ToUnicodeTypeString.swift"; sourceTree = "<group>"; };
		153841D42A55EA11004C41D1 /* LuckyCardManager.swift */ = {isa = PBXFileReference; lastKnownFileType = sourcecode.swift; path = LuckyCardManager.swift; sourceTree = "<group>"; };
		153841DA2A565A0B004C41D1 /* UIView+Constant.swift */ = {isa = PBXFileReference; lastKnownFileType = sourcecode.swift; path = "UIView+Constant.swift"; sourceTree = "<group>"; };
		153841DC2A565DB4004C41D1 /* BaseViewPalette.swift */ = {isa = PBXFileReference; lastKnownFileType = sourcecode.swift; path = BaseViewPalette.swift; sourceTree = "<group>"; };
		153841E12A57256C004C41D1 /* LuckyCardNumbertype.swift */ = {isa = PBXFileReference; lastKnownFileType = sourcecode.swift; path = LuckyCardNumbertype.swift; sourceTree = "<group>"; };
		153841E32A574152004C41D1 /* CardShapeEnumProtocol.swift */ = {isa = PBXFileReference; lastKnownFileType = sourcecode.swift; path = CardShapeEnumProtocol.swift; sourceTree = "<group>"; };
		153841E52A574336004C41D1 /* CardManager.swift */ = {isa = PBXFileReference; lastKnownFileType = sourcecode.swift; path = CardManager.swift; sourceTree = "<group>"; };
		15847E0E2A57D3EB000C3B04 /* LuckyCardShapeType.swift */ = {isa = PBXFileReference; fileEncoding = 4; lastKnownFileType = sourcecode.swift; path = LuckyCardShapeType.swift; sourceTree = "<group>"; };
		15847E102A57D599000C3B04 /* CardShapeStorageImpl.swift */ = {isa = PBXFileReference; fileEncoding = 4; lastKnownFileType = sourcecode.swift; path = CardShapeStorageImpl.swift; sourceTree = "<group>"; };
		15847E382A5861CA000C3B04 /* PlayersCardAreaViewController.swift */ = {isa = PBXFileReference; lastKnownFileType = sourcecode.swift; path = PlayersCardAreaViewController.swift; sourceTree = "<group>"; };
		15847E3A2A58693C000C3B04 /* Notification+.swift */ = {isa = PBXFileReference; lastKnownFileType = sourcecode.swift; path = "Notification+.swift"; sourceTree = "<group>"; };
		15847E3E2A58AE5C000C3B04 /* CardNumberEnumProtocol.swift */ = {isa = PBXFileReference; lastKnownFileType = sourcecode.swift; path = CardNumberEnumProtocol.swift; sourceTree = "<group>"; };
		15DD40182A598EC1002BC5F8 /* CardView.swift */ = {isa = PBXFileReference; lastKnownFileType = sourcecode.swift; path = CardView.swift; sourceTree = "<group>"; };
		15DD401B2A599921002BC5F8 /* LuckyCardViewModel.swift */ = {isa = PBXFileReference; lastKnownFileType = sourcecode.swift; path = LuckyCardViewModel.swift; sourceTree = "<group>"; };
		15DD401E2A599953002BC5F8 /* LuckyCardViewModelProtocol.swift */ = {isa = PBXFileReference; lastKnownFileType = sourcecode.swift; path = LuckyCardViewModelProtocol.swift; sourceTree = "<group>"; };
		15DD40382A5A9566002BC5F8 /* PlayersCardBoardAreaViewModel.swift */ = {isa = PBXFileReference; lastKnownFileType = sourcecode.swift; path = PlayersCardBoardAreaViewModel.swift; sourceTree = "<group>"; };
		15DD403A2A5A970E002BC5F8 /* PlayersCardBoardAreaViewModelProtocol.swift */ = {isa = PBXFileReference; lastKnownFileType = sourcecode.swift; path = PlayersCardBoardAreaViewModelProtocol.swift; sourceTree = "<group>"; };
		15DD403C2A5A9EC4002BC5F8 /* PlayerCardBoardViewModel.swift */ = {isa = PBXFileReference; lastKnownFileType = sourcecode.swift; path = PlayerCardBoardViewModel.swift; sourceTree = "<group>"; };
		15DD40402A5AF739002BC5F8 /* LuckyCardGameFooterViewModel.swift */ = {isa = PBXFileReference; lastKnownFileType = sourcecode.swift; path = LuckyCardGameFooterViewModel.swift; sourceTree = "<group>"; };
		15DD40422A5B1780002BC5F8 /* Player.swift */ = {isa = PBXFileReference; lastKnownFileType = sourcecode.swift; path = Player.swift; sourceTree = "<group>"; };
/* End PBXFileReference section */

/* Begin PBXFrameworksBuildPhase section */
		1519DB6E2A5C5C2A004A3CF5 /* Frameworks */ = {
			isa = PBXFrameworksBuildPhase;
			buildActionMask = 2147483647;
			files = (
			);
			runOnlyForDeploymentPostprocessing = 0;
		};
		153841582A547905004C41D1 /* Frameworks */ = {
			isa = PBXFrameworksBuildPhase;
			buildActionMask = 2147483647;
			files = (
			);
			runOnlyForDeploymentPostprocessing = 0;
		};
/* End PBXFrameworksBuildPhase section */

/* Begin PBXGroup section */
		1507EDE72A57CF6900F88EF1 /* Recovered References */ = {
			isa = PBXGroup;
			children = (
				153841E12A57256C004C41D1 /* LuckyCardNumbertype.swift */,
				153841AB2A5558A2004C41D1 /* CardShapeStorageImpl.swift */,
				153841AD2A555FD6004C41D1 /* Card.swift */,
				153841AF2A5569C0004C41D1 /* LuckyCard.swift */,
				153841A92A5556C4004C41D1 /* LuckyCardShapeType.swift */,
			);
			name = "Recovered References";
			sourceTree = "<group>";
		};
		1507EDEC2A57D16700F88EF1 /* Card */ = {
			isa = PBXGroup;
			children = (
				15847E0E2A57D3EB000C3B04 /* LuckyCardShapeType.swift */,
				15847E102A57D599000C3B04 /* CardShapeStorageImpl.swift */,
				1507EDF92A57D1C300F88EF1 /* Card.swift */,
				1507EDF02A57D16700F88EF1 /* LuckyCardNumbertype.swift */,
				1507EDF12A57D16700F88EF1 /* LuckyCard.swift */,
			);
			path = Card;
			sourceTree = "<group>";
		};
		1519DB722A5C5C2B004A3CF5 /* LuckyCardGameTests */ = {
			isa = PBXGroup;
			children = (
				1519DB7E2A5C60C2004A3CF5 /* LuckyGame */,
			);
			path = LuckyCardGameTests;
			sourceTree = "<group>";
		};
		1519DB7B2A5C5D00004A3CF5 /* Manager */ = {
			isa = PBXGroup;
			children = (
				1519DB7C2A5C5DB0004A3CF5 /* LuckyCardGameManagerTests.swift */,
			);
			path = Manager;
			sourceTree = "<group>";
		};
		1519DB7E2A5C60C2004A3CF5 /* LuckyGame */ = {
			isa = PBXGroup;
			children = (
				1519DB7B2A5C5D00004A3CF5 /* Manager */,
			);
			path = LuckyGame;
			sourceTree = "<group>";
		};
		153841522A547905004C41D1 = {
			isa = PBXGroup;
			children = (
				1538415D2A547905004C41D1 /* Source */,
				1519DB722A5C5C2B004A3CF5 /* LuckyCardGameTests */,
				1538415C2A547905004C41D1 /* Products */,
				1507EDE72A57CF6900F88EF1 /* Recovered References */,
			);
			sourceTree = "<group>";
		};
		1538415C2A547905004C41D1 /* Products */ = {
			isa = PBXGroup;
			children = (
				1538415B2A547905004C41D1 /* LuckyCardGame.app */,
				1519DB712A5C5C2A004A3CF5 /* LuckyCardGameTests.xctest */,
			);
			name = Products;
			sourceTree = "<group>";
		};
		1538415D2A547905004C41D1 /* Source */ = {
			isa = PBXGroup;
			children = (
				153841762A547BE0004C41D1 /* Common */,
				153841732A54792D004C41D1 /* Feature */,
				153841722A547926004C41D1 /* Support */,
			);
			path = Source;
			sourceTree = "<group>";
		};
		153841722A547926004C41D1 /* Support */ = {
			isa = PBXGroup;
			children = (
				153841602A547905004C41D1 /* SceneDelegate.swift */,
				153841672A547906004C41D1 /* Assets.xcassets */,
				153841692A547906004C41D1 /* LaunchScreen.storyboard */,
				1538416C2A547906004C41D1 /* Info.plist */,
				1538415E2A547905004C41D1 /* AppDelegate.swift */,
			);
			path = Support;
			sourceTree = "<group>";
		};
		153841732A54792D004C41D1 /* Feature */ = {
			isa = PBXGroup;
			children = (
				153841752A547ABC004C41D1 /* LuckyCardGame */,
			);
			path = Feature;
			sourceTree = "<group>";
		};
		153841742A547975004C41D1 /* ViewController */ = {
			isa = PBXGroup;
			children = (
				15847E382A5861CA000C3B04 /* PlayersCardAreaViewController.swift */,
				153841622A547905004C41D1 /* LuckyCardGameViewController.swift */,
			);
			path = ViewController;
			sourceTree = "<group>";
		};
		153841752A547ABC004C41D1 /* LuckyCardGame */ = {
			isa = PBXGroup;
			children = (
				15DD401A2A599919002BC5F8 /* ViewModel */,
				153841D32A55E9EE004C41D1 /* Manager */,
				153841962A547C2E004C41D1 /* Model */,
				153841A72A5555AC004C41D1 /* Protocol */,
				153841842A547C2D004C41D1 /* View */,
				153841742A547975004C41D1 /* ViewController */,
			);
			path = LuckyCardGame;
			sourceTree = "<group>";
		};
		153841762A547BE0004C41D1 /* Common */ = {
			isa = PBXGroup;
			children = (
				153841D92A5659CE004C41D1 /* Extension */,
				153841772A547BE0004C41D1 /* Protocol */,
				1538417A2A547BE0004C41D1 /* Model */,
				1538417D2A547BE0004C41D1 /* View */,
				153841CD2A55DAE6004C41D1 /* String+ToUnicodeTypeString.swift */,
			);
			path = Common;
			sourceTree = "<group>";
		};
		153841772A547BE0004C41D1 /* Protocol */ = {
			isa = PBXGroup;
			children = (
				153841782A547BE0004C41D1 /* ConvenienceInit.swift */,
				153841792A547BE0004C41D1 /* LayoutSupport.swift */,
			);
			path = Protocol;
			sourceTree = "<group>";
		};
		1538417A2A547BE0004C41D1 /* Model */ = {
			isa = PBXGroup;
			children = (
				1538417B2A547BE0004C41D1 /* UIConstant.swift */,
				1538417C2A547BE0004C41D1 /* UISpacing.swift */,
				153841DC2A565DB4004C41D1 /* BaseViewPalette.swift */,
			);
			path = Model;
			sourceTree = "<group>";
		};
		1538417D2A547BE0004C41D1 /* View */ = {
			isa = PBXGroup;
			children = (
				1538417E2A547BE0004C41D1 /* BaseRoundView.swift */,
			);
			path = View;
			sourceTree = "<group>";
		};
		153841842A547C2D004C41D1 /* View */ = {
			isa = PBXGroup;
			children = (
				15847E412A58FCC8000C3B04 /* CardAreaView */,
				15847E402A58FC9B000C3B04 /* LuckyCardGameView */,
			);
			path = View;
			sourceTree = "<group>";
		};
		153841852A547C2D004C41D1 /* Footer */ = {
			isa = PBXGroup;
			children = (
				153841862A547C2D004C41D1 /* LuckyCardGameFooter.swift */,
			);
			path = Footer;
			sourceTree = "<group>";
		};
		153841872A547C2D004C41D1 /* Content */ = {
			isa = PBXGroup;
			children = (
				153841882A547C2D004C41D1 /* PlayerCardBoardView.swift */,
				153841892A547C2D004C41D1 /* LuckyCardGameContentView.swift */,
			);
			path = Content;
			sourceTree = "<group>";
		};
		153841962A547C2E004C41D1 /* Model */ = {
			isa = PBXGroup;
			children = (
				1507EDEC2A57D16700F88EF1 /* Card */,
				153841C12A55BF41004C41D1 /* Deck */,
				153841A52A5549DF004C41D1 /* Player */,
			);
			path = Model;
			sourceTree = "<group>";
		};
		153841A52A5549DF004C41D1 /* Player */ = {
			isa = PBXGroup;
			children = (
				153841972A547C2E004C41D1 /* PlayerBoardType.swift */,
				153841982A547C2E004C41D1 /* PlayerHeadCountType.swift */,
				15DD40422A5B1780002BC5F8 /* Player.swift */,
			);
			path = Player;
			sourceTree = "<group>";
		};
		153841A72A5555AC004C41D1 /* Protocol */ = {
			isa = PBXGroup;
			children = (
				15DD401D2A599947002BC5F8 /* ViewModel */,
				153841C42A55C452004C41D1 /* Deck */,
				153841A82A5556BB004C41D1 /* Card */,
			);
			path = Protocol;
			sourceTree = "<group>";
		};
		153841A82A5556BB004C41D1 /* Card */ = {
			isa = PBXGroup;
			children = (
				153841B72A55A5C9004C41D1 /* CardShapeStorage.swift */,
				153841E32A574152004C41D1 /* CardShapeEnumProtocol.swift */,
				153841E52A574336004C41D1 /* CardManager.swift */,
				15847E3E2A58AE5C000C3B04 /* CardNumberEnumProtocol.swift */,
			);
			path = Card;
			sourceTree = "<group>";
		};
		153841C12A55BF41004C41D1 /* Deck */ = {
			isa = PBXGroup;
			children = (
				153841C52A55C48E004C41D1 /* LuckyCardDeckImpl.swift */,
				153841C92A55D1F8004C41D1 /* LuckyCardDeckError.swift */,
			);
			path = Deck;
			sourceTree = "<group>";
		};
		153841C42A55C452004C41D1 /* Deck */ = {
			isa = PBXGroup;
			children = (
				153841C22A55BF6B004C41D1 /* Deck.swift */,
			);
			path = Deck;
			sourceTree = "<group>";
		};
		153841D32A55E9EE004C41D1 /* Manager */ = {
			isa = PBXGroup;
			children = (
				153841D42A55EA11004C41D1 /* LuckyCardManager.swift */,
			);
			path = Manager;
			sourceTree = "<group>";
		};
		153841D92A5659CE004C41D1 /* Extension */ = {
			isa = PBXGroup;
			children = (
				15847E3A2A58693C000C3B04 /* Notification+.swift */,
				153841DA2A565A0B004C41D1 /* UIView+Constant.swift */,
			);
			path = Extension;
			sourceTree = "<group>";
		};
		15847E402A58FC9B000C3B04 /* LuckyCardGameView */ = {
			isa = PBXGroup;
			children = (
				1538418C2A547C2D004C41D1 /* LuckyCardGameHeader.swift */,
				1538418A2A547C2D004C41D1 /* LuckyCardGameView.swift */,
			);
			path = LuckyCardGameView;
			sourceTree = "<group>";
		};
		15847E412A58FCC8000C3B04 /* CardAreaView */ = {
			isa = PBXGroup;
			children = (
				15DD40202A59998C002BC5F8 /* Common */,
				153841852A547C2D004C41D1 /* Footer */,
				153841872A547C2D004C41D1 /* Content */,
			);
			path = CardAreaView;
			sourceTree = "<group>";
		};
		15DD401A2A599919002BC5F8 /* ViewModel */ = {
			isa = PBXGroup;
			children = (
				15DD401B2A599921002BC5F8 /* LuckyCardViewModel.swift */,
				15DD40382A5A9566002BC5F8 /* PlayersCardBoardAreaViewModel.swift */,
				15DD403C2A5A9EC4002BC5F8 /* PlayerCardBoardViewModel.swift */,
				15DD40402A5AF739002BC5F8 /* LuckyCardGameFooterViewModel.swift */,
			);
			path = ViewModel;
			sourceTree = "<group>";
		};
		15DD401D2A599947002BC5F8 /* ViewModel */ = {
			isa = PBXGroup;
			children = (
				15DD401E2A599953002BC5F8 /* LuckyCardViewModelProtocol.swift */,
				15DD403A2A5A970E002BC5F8 /* PlayersCardBoardAreaViewModelProtocol.swift */,
			);
			path = ViewModel;
			sourceTree = "<group>";
		};
		15DD40202A59998C002BC5F8 /* Common */ = {
			isa = PBXGroup;
			children = (
				15DD40182A598EC1002BC5F8 /* CardView.swift */,
			);
			path = Common;
			sourceTree = "<group>";
		};
/* End PBXGroup section */

/* Begin PBXNativeTarget section */
		1519DB702A5C5C2A004A3CF5 /* LuckyCardGameTests */ = {
			isa = PBXNativeTarget;
			buildConfigurationList = 1519DB792A5C5C2B004A3CF5 /* Build configuration list for PBXNativeTarget "LuckyCardGameTests" */;
			buildPhases = (
				1519DB6D2A5C5C2A004A3CF5 /* Sources */,
				1519DB6E2A5C5C2A004A3CF5 /* Frameworks */,
				1519DB6F2A5C5C2A004A3CF5 /* Resources */,
			);
			buildRules = (
			);
			dependencies = (
				1519DB762A5C5C2B004A3CF5 /* PBXTargetDependency */,
			);
			name = LuckyCardGameTests;
			productName = LuckyCardGameTests;
			productReference = 1519DB712A5C5C2A004A3CF5 /* LuckyCardGameTests.xctest */;
			productType = "com.apple.product-type.bundle.unit-test";
		};
		1538415A2A547905004C41D1 /* LuckyCardGame */ = {
			isa = PBXNativeTarget;
			buildConfigurationList = 1538416F2A547906004C41D1 /* Build configuration list for PBXNativeTarget "LuckyCardGame" */;
			buildPhases = (
				153841572A547905004C41D1 /* Sources */,
				153841582A547905004C41D1 /* Frameworks */,
				153841592A547905004C41D1 /* Resources */,
			);
			buildRules = (
			);
			dependencies = (
			);
			name = LuckyCardGame;
			productName = LuckyCardGame;
			productReference = 1538415B2A547905004C41D1 /* LuckyCardGame.app */;
			productType = "com.apple.product-type.application";
		};
/* End PBXNativeTarget section */

/* Begin PBXProject section */
		153841532A547905004C41D1 /* Project object */ = {
			isa = PBXProject;
			attributes = {
				BuildIndependentTargetsInParallel = 1;
				LastSwiftUpdateCheck = 1430;
				LastUpgradeCheck = 1430;
				TargetAttributes = {
					1519DB702A5C5C2A004A3CF5 = {
						CreatedOnToolsVersion = 14.3.1;
						LastSwiftMigration = 1430;
						TestTargetID = 1538415A2A547905004C41D1;
					};
					1538415A2A547905004C41D1 = {
						CreatedOnToolsVersion = 14.3.1;
					};
				};
			};
			buildConfigurationList = 153841562A547905004C41D1 /* Build configuration list for PBXProject "LuckyCardGame" */;
			compatibilityVersion = "Xcode 14.0";
			developmentRegion = en;
			hasScannedForEncodings = 0;
			knownRegions = (
				en,
				Base,
			);
			mainGroup = 153841522A547905004C41D1;
			productRefGroup = 1538415C2A547905004C41D1 /* Products */;
			projectDirPath = "";
			projectRoot = "";
			targets = (
				1538415A2A547905004C41D1 /* LuckyCardGame */,
				1519DB702A5C5C2A004A3CF5 /* LuckyCardGameTests */,
			);
		};
/* End PBXProject section */

/* Begin PBXResourcesBuildPhase section */
		1519DB6F2A5C5C2A004A3CF5 /* Resources */ = {
			isa = PBXResourcesBuildPhase;
			buildActionMask = 2147483647;
			files = (
			);
			runOnlyForDeploymentPostprocessing = 0;
		};
		153841592A547905004C41D1 /* Resources */ = {
			isa = PBXResourcesBuildPhase;
			buildActionMask = 2147483647;
			files = (
				1538416B2A547906004C41D1 /* LaunchScreen.storyboard in Resources */,
				153841682A547906004C41D1 /* Assets.xcassets in Resources */,
			);
			runOnlyForDeploymentPostprocessing = 0;
		};
/* End PBXResourcesBuildPhase section */

/* Begin PBXSourcesBuildPhase section */
		1519DB6D2A5C5C2A004A3CF5 /* Sources */ = {
			isa = PBXSourcesBuildPhase;
			buildActionMask = 2147483647;
			files = (
				1519DB7D2A5C5DB0004A3CF5 /* LuckyCardGameManagerTests.swift in Sources */,
			);
			runOnlyForDeploymentPostprocessing = 0;
		};
		153841572A547905004C41D1 /* Sources */ = {
			isa = PBXSourcesBuildPhase;
			buildActionMask = 2147483647;
			files = (
				15847E3B2A58693C000C3B04 /* Notification+.swift in Sources */,
				15847E3F2A58AE5C000C3B04 /* CardNumberEnumProtocol.swift in Sources */,
				153841C62A55C48E004C41D1 /* LuckyCardDeckImpl.swift in Sources */,
				153841632A547905004C41D1 /* LuckyCardGameViewController.swift in Sources */,
				153841822A547BE0004C41D1 /* UISpacing.swift in Sources */,
				153841D52A55EA11004C41D1 /* LuckyCardManager.swift in Sources */,
				1538419B2A547C2E004C41D1 /* LuckyCardGameContentView.swift in Sources */,
				15847E0F2A57D3EB000C3B04 /* LuckyCardShapeType.swift in Sources */,
				1538419A2A547C2E004C41D1 /* PlayerCardBoardView.swift in Sources */,
				15847E112A57D599000C3B04 /* CardShapeStorageImpl.swift in Sources */,
				153841802A547BE0004C41D1 /* LayoutSupport.swift in Sources */,
				153841CE2A55DAE6004C41D1 /* String+ToUnicodeTypeString.swift in Sources */,
				153841C32A55BF6B004C41D1 /* Deck.swift in Sources */,
				153841E42A574152004C41D1 /* CardShapeEnumProtocol.swift in Sources */,
				1538419C2A547C2E004C41D1 /* LuckyCardGameView.swift in Sources */,
				153841A42A547C2E004C41D1 /* PlayerHeadCountType.swift in Sources */,
				15847E392A5861CA000C3B04 /* PlayersCardAreaViewController.swift in Sources */,
				153841B82A55A5C9004C41D1 /* CardShapeStorage.swift in Sources */,
				1507EDFA2A57D1C300F88EF1 /* Card.swift in Sources */,
				15DD40392A5A9566002BC5F8 /* PlayersCardBoardAreaViewModel.swift in Sources */,
				15DD40412A5AF739002BC5F8 /* LuckyCardGameFooterViewModel.swift in Sources */,
				153841DD2A565DB4004C41D1 /* BaseViewPalette.swift in Sources */,
				1538417F2A547BE0004C41D1 /* ConvenienceInit.swift in Sources */,
				1538415F2A547905004C41D1 /* AppDelegate.swift in Sources */,
				153841CA2A55D1F8004C41D1 /* LuckyCardDeckError.swift in Sources */,
				153841992A547C2E004C41D1 /* LuckyCardGameFooter.swift in Sources */,
				15DD401C2A599921002BC5F8 /* LuckyCardViewModel.swift in Sources */,
				15DD40432A5B1780002BC5F8 /* Player.swift in Sources */,
				153841612A547905004C41D1 /* SceneDelegate.swift in Sources */,
				153841812A547BE0004C41D1 /* UIConstant.swift in Sources */,
				153841E62A574336004C41D1 /* CardManager.swift in Sources */,
				1507EDF52A57D16800F88EF1 /* LuckyCardNumbertype.swift in Sources */,
				15DD401F2A599953002BC5F8 /* LuckyCardViewModelProtocol.swift in Sources */,
				15DD403B2A5A970E002BC5F8 /* PlayersCardBoardAreaViewModelProtocol.swift in Sources */,
				153841A32A547C2E004C41D1 /* PlayerBoardType.swift in Sources */,
				1538419D2A547C2E004C41D1 /* LuckyCardGameHeader.swift in Sources */,
				15DD403D2A5A9EC4002BC5F8 /* PlayerCardBoardViewModel.swift in Sources */,
				1507EDFB2A57D25A00F88EF1 /* LuckyCard.swift in Sources */,
				153841832A547BE0004C41D1 /* BaseRoundView.swift in Sources */,
				15DD40192A598EC1002BC5F8 /* CardView.swift in Sources */,
				153841DB2A565A0B004C41D1 /* UIView+Constant.swift in Sources */,
			);
			runOnlyForDeploymentPostprocessing = 0;
		};
/* End PBXSourcesBuildPhase section */

/* Begin PBXTargetDependency section */
		1519DB762A5C5C2B004A3CF5 /* PBXTargetDependency */ = {
			isa = PBXTargetDependency;
			target = 1538415A2A547905004C41D1 /* LuckyCardGame */;
			targetProxy = 1519DB752A5C5C2B004A3CF5 /* PBXContainerItemProxy */;
		};
/* End PBXTargetDependency section */

/* Begin PBXVariantGroup section */
		153841692A547906004C41D1 /* LaunchScreen.storyboard */ = {
			isa = PBXVariantGroup;
			children = (
				1538416A2A547906004C41D1 /* Base */,
			);
			name = LaunchScreen.storyboard;
			sourceTree = "<group>";
		};
/* End PBXVariantGroup section */

/* Begin XCBuildConfiguration section */
		1519DB772A5C5C2B004A3CF5 /* Debug */ = {
			isa = XCBuildConfiguration;
			buildSettings = {
				BUNDLE_LOADER = "$(TEST_HOST)";
				CLANG_ENABLE_MODULES = YES;
				CODE_SIGN_STYLE = Automatic;
				CURRENT_PROJECT_VERSION = 1;
				GENERATE_INFOPLIST_FILE = YES;
				IPHONEOS_DEPLOYMENT_TARGET = 16.4;
				MACOSX_DEPLOYMENT_TARGET = 13.3;
				MARKETING_VERSION = 1.0;
				PRODUCT_BUNDLE_IDENTIFIER = SH.LuckyCardGameTests;
				PRODUCT_NAME = "$(TARGET_NAME)";
				SDKROOT = auto;
				SUPPORTED_PLATFORMS = "iphoneos iphonesimulator macosx";
				SWIFT_EMIT_LOC_STRINGS = NO;
				SWIFT_OPTIMIZATION_LEVEL = "-Onone";
				SWIFT_VERSION = 5.0;
				TARGETED_DEVICE_FAMILY = "1,2";
				TEST_HOST = "$(BUILT_PRODUCTS_DIR)/LuckyCardGame.app/$(BUNDLE_EXECUTABLE_FOLDER_PATH)/LuckyCardGame";
			};
			name = Debug;
		};
		1519DB782A5C5C2B004A3CF5 /* Release */ = {
			isa = XCBuildConfiguration;
			buildSettings = {
				BUNDLE_LOADER = "$(TEST_HOST)";
				CLANG_ENABLE_MODULES = YES;
				CODE_SIGN_STYLE = Automatic;
				CURRENT_PROJECT_VERSION = 1;
				GENERATE_INFOPLIST_FILE = YES;
				IPHONEOS_DEPLOYMENT_TARGET = 16.4;
				MACOSX_DEPLOYMENT_TARGET = 13.3;
				MARKETING_VERSION = 1.0;
				PRODUCT_BUNDLE_IDENTIFIER = SH.LuckyCardGameTests;
				PRODUCT_NAME = "$(TARGET_NAME)";
				SDKROOT = auto;
				SUPPORTED_PLATFORMS = "iphoneos iphonesimulator macosx";
				SWIFT_EMIT_LOC_STRINGS = NO;
				SWIFT_VERSION = 5.0;
				TARGETED_DEVICE_FAMILY = "1,2";
				TEST_HOST = "$(BUILT_PRODUCTS_DIR)/LuckyCardGame.app/$(BUNDLE_EXECUTABLE_FOLDER_PATH)/LuckyCardGame";
			};
			name = Release;
		};
		1538416D2A547906004C41D1 /* Debug */ = {
			isa = XCBuildConfiguration;
			buildSettings = {
				ALWAYS_SEARCH_USER_PATHS = NO;
				CLANG_ANALYZER_NONNULL = YES;
				CLANG_ANALYZER_NUMBER_OBJECT_CONVERSION = YES_AGGRESSIVE;
				CLANG_CXX_LANGUAGE_STANDARD = "gnu++20";
				CLANG_ENABLE_MODULES = YES;
				CLANG_ENABLE_OBJC_ARC = YES;
				CLANG_ENABLE_OBJC_WEAK = YES;
				CLANG_WARN_BLOCK_CAPTURE_AUTORELEASING = YES;
				CLANG_WARN_BOOL_CONVERSION = YES;
				CLANG_WARN_COMMA = YES;
				CLANG_WARN_CONSTANT_CONVERSION = YES;
				CLANG_WARN_DEPRECATED_OBJC_IMPLEMENTATIONS = YES;
				CLANG_WARN_DIRECT_OBJC_ISA_USAGE = YES_ERROR;
				CLANG_WARN_DOCUMENTATION_COMMENTS = YES;
				CLANG_WARN_EMPTY_BODY = YES;
				CLANG_WARN_ENUM_CONVERSION = YES;
				CLANG_WARN_INFINITE_RECURSION = YES;
				CLANG_WARN_INT_CONVERSION = YES;
				CLANG_WARN_NON_LITERAL_NULL_CONVERSION = YES;
				CLANG_WARN_OBJC_IMPLICIT_RETAIN_SELF = YES;
				CLANG_WARN_OBJC_LITERAL_CONVERSION = YES;
				CLANG_WARN_OBJC_ROOT_CLASS = YES_ERROR;
				CLANG_WARN_QUOTED_INCLUDE_IN_FRAMEWORK_HEADER = YES;
				CLANG_WARN_RANGE_LOOP_ANALYSIS = YES;
				CLANG_WARN_STRICT_PROTOTYPES = YES;
				CLANG_WARN_SUSPICIOUS_MOVE = YES;
				CLANG_WARN_UNGUARDED_AVAILABILITY = YES_AGGRESSIVE;
				CLANG_WARN_UNREACHABLE_CODE = YES;
				CLANG_WARN__DUPLICATE_METHOD_MATCH = YES;
				COPY_PHASE_STRIP = NO;
				DEBUG_INFORMATION_FORMAT = dwarf;
				ENABLE_STRICT_OBJC_MSGSEND = YES;
				ENABLE_TESTABILITY = YES;
				GCC_C_LANGUAGE_STANDARD = gnu11;
				GCC_DYNAMIC_NO_PIC = NO;
				GCC_NO_COMMON_BLOCKS = YES;
				GCC_OPTIMIZATION_LEVEL = 0;
				GCC_PREPROCESSOR_DEFINITIONS = (
					"DEBUG=1",
					"$(inherited)",
				);
				GCC_WARN_64_TO_32_BIT_CONVERSION = YES;
				GCC_WARN_ABOUT_RETURN_TYPE = YES_ERROR;
				GCC_WARN_UNDECLARED_SELECTOR = YES;
				GCC_WARN_UNINITIALIZED_AUTOS = YES_AGGRESSIVE;
				GCC_WARN_UNUSED_FUNCTION = YES;
				GCC_WARN_UNUSED_VARIABLE = YES;
				INFOPLIST_KEY_CFBundleDisplayName = "럭키카드";
				IPHONEOS_DEPLOYMENT_TARGET = 16.4;
				MTL_ENABLE_DEBUG_INFO = INCLUDE_SOURCE;
				MTL_FAST_MATH = YES;
				ONLY_ACTIVE_ARCH = YES;
				SDKROOT = iphoneos;
				SWIFT_ACTIVE_COMPILATION_CONDITIONS = DEBUG;
				SWIFT_OPTIMIZATION_LEVEL = "-Onone";
			};
			name = Debug;
		};
		1538416E2A547906004C41D1 /* Release */ = {
			isa = XCBuildConfiguration;
			buildSettings = {
				ALWAYS_SEARCH_USER_PATHS = NO;
				CLANG_ANALYZER_NONNULL = YES;
				CLANG_ANALYZER_NUMBER_OBJECT_CONVERSION = YES_AGGRESSIVE;
				CLANG_CXX_LANGUAGE_STANDARD = "gnu++20";
				CLANG_ENABLE_MODULES = YES;
				CLANG_ENABLE_OBJC_ARC = YES;
				CLANG_ENABLE_OBJC_WEAK = YES;
				CLANG_WARN_BLOCK_CAPTURE_AUTORELEASING = YES;
				CLANG_WARN_BOOL_CONVERSION = YES;
				CLANG_WARN_COMMA = YES;
				CLANG_WARN_CONSTANT_CONVERSION = YES;
				CLANG_WARN_DEPRECATED_OBJC_IMPLEMENTATIONS = YES;
				CLANG_WARN_DIRECT_OBJC_ISA_USAGE = YES_ERROR;
				CLANG_WARN_DOCUMENTATION_COMMENTS = YES;
				CLANG_WARN_EMPTY_BODY = YES;
				CLANG_WARN_ENUM_CONVERSION = YES;
				CLANG_WARN_INFINITE_RECURSION = YES;
				CLANG_WARN_INT_CONVERSION = YES;
				CLANG_WARN_NON_LITERAL_NULL_CONVERSION = YES;
				CLANG_WARN_OBJC_IMPLICIT_RETAIN_SELF = YES;
				CLANG_WARN_OBJC_LITERAL_CONVERSION = YES;
				CLANG_WARN_OBJC_ROOT_CLASS = YES_ERROR;
				CLANG_WARN_QUOTED_INCLUDE_IN_FRAMEWORK_HEADER = YES;
				CLANG_WARN_RANGE_LOOP_ANALYSIS = YES;
				CLANG_WARN_STRICT_PROTOTYPES = YES;
				CLANG_WARN_SUSPICIOUS_MOVE = YES;
				CLANG_WARN_UNGUARDED_AVAILABILITY = YES_AGGRESSIVE;
				CLANG_WARN_UNREACHABLE_CODE = YES;
				CLANG_WARN__DUPLICATE_METHOD_MATCH = YES;
				COPY_PHASE_STRIP = NO;
				DEBUG_INFORMATION_FORMAT = "dwarf-with-dsym";
				ENABLE_NS_ASSERTIONS = NO;
				ENABLE_STRICT_OBJC_MSGSEND = YES;
				GCC_C_LANGUAGE_STANDARD = gnu11;
				GCC_NO_COMMON_BLOCKS = YES;
				GCC_WARN_64_TO_32_BIT_CONVERSION = YES;
				GCC_WARN_ABOUT_RETURN_TYPE = YES_ERROR;
				GCC_WARN_UNDECLARED_SELECTOR = YES;
				GCC_WARN_UNINITIALIZED_AUTOS = YES_AGGRESSIVE;
				GCC_WARN_UNUSED_FUNCTION = YES;
				GCC_WARN_UNUSED_VARIABLE = YES;
				INFOPLIST_KEY_CFBundleDisplayName = "럭키카드";
				IPHONEOS_DEPLOYMENT_TARGET = 16.4;
				MTL_ENABLE_DEBUG_INFO = NO;
				MTL_FAST_MATH = YES;
				SDKROOT = iphoneos;
				SWIFT_COMPILATION_MODE = wholemodule;
				SWIFT_OPTIMIZATION_LEVEL = "-O";
				VALIDATE_PRODUCT = YES;
			};
			name = Release;
		};
		153841702A547906004C41D1 /* Debug */ = {
			isa = XCBuildConfiguration;
			buildSettings = {
				ASSETCATALOG_COMPILER_APPICON_NAME = AppIcon;
				ASSETCATALOG_COMPILER_GLOBAL_ACCENT_COLOR_NAME = AccentColor;
				CODE_SIGN_STYLE = Automatic;
				CURRENT_PROJECT_VERSION = 1;
				GENERATE_INFOPLIST_FILE = YES;
				INFOPLIST_FILE = Source/Support/Info.plist;
				INFOPLIST_KEY_UIApplicationSupportsIndirectInputEvents = YES;
				INFOPLIST_KEY_UILaunchStoryboardName = LaunchScreen;
				INFOPLIST_KEY_UISupportedInterfaceOrientations_iPad = "UIInterfaceOrientationPortrait UIInterfaceOrientationPortraitUpsideDown UIInterfaceOrientationLandscapeLeft UIInterfaceOrientationLandscapeRight";
				INFOPLIST_KEY_UISupportedInterfaceOrientations_iPhone = "UIInterfaceOrientationPortrait UIInterfaceOrientationLandscapeLeft UIInterfaceOrientationLandscapeRight";
				LD_RUNPATH_SEARCH_PATHS = (
					"$(inherited)",
					"@executable_path/Frameworks",
				);
				MARKETING_VERSION = 1.0;
				PRODUCT_BUNDLE_IDENTIFIER = SH.LuckyCardGame;
				PRODUCT_NAME = "$(TARGET_NAME)";
				SWIFT_EMIT_LOC_STRINGS = YES;
				SWIFT_VERSION = 5.0;
				TARGETED_DEVICE_FAMILY = "1,2";
			};
			name = Debug;
		};
		153841712A547906004C41D1 /* Release */ = {
			isa = XCBuildConfiguration;
			buildSettings = {
				ASSETCATALOG_COMPILER_APPICON_NAME = AppIcon;
				ASSETCATALOG_COMPILER_GLOBAL_ACCENT_COLOR_NAME = AccentColor;
				CODE_SIGN_STYLE = Automatic;
				CURRENT_PROJECT_VERSION = 1;
				GENERATE_INFOPLIST_FILE = YES;
				INFOPLIST_FILE = Source/Support/Info.plist;
				INFOPLIST_KEY_UIApplicationSupportsIndirectInputEvents = YES;
				INFOPLIST_KEY_UILaunchStoryboardName = LaunchScreen;
				INFOPLIST_KEY_UISupportedInterfaceOrientations_iPad = "UIInterfaceOrientationPortrait UIInterfaceOrientationPortraitUpsideDown UIInterfaceOrientationLandscapeLeft UIInterfaceOrientationLandscapeRight";
				INFOPLIST_KEY_UISupportedInterfaceOrientations_iPhone = "UIInterfaceOrientationPortrait UIInterfaceOrientationLandscapeLeft UIInterfaceOrientationLandscapeRight";
				LD_RUNPATH_SEARCH_PATHS = (
					"$(inherited)",
					"@executable_path/Frameworks",
				);
				MARKETING_VERSION = 1.0;
				PRODUCT_BUNDLE_IDENTIFIER = SH.LuckyCardGame;
				PRODUCT_NAME = "$(TARGET_NAME)";
				SWIFT_EMIT_LOC_STRINGS = YES;
				SWIFT_VERSION = 5.0;
				TARGETED_DEVICE_FAMILY = "1,2";
			};
			name = Release;
		};
/* End XCBuildConfiguration section */

/* Begin XCConfigurationList section */
		1519DB792A5C5C2B004A3CF5 /* Build configuration list for PBXNativeTarget "LuckyCardGameTests" */ = {
			isa = XCConfigurationList;
			buildConfigurations = (
				1519DB772A5C5C2B004A3CF5 /* Debug */,
				1519DB782A5C5C2B004A3CF5 /* Release */,
			);
			defaultConfigurationIsVisible = 0;
			defaultConfigurationName = Release;
		};
		153841562A547905004C41D1 /* Build configuration list for PBXProject "LuckyCardGame" */ = {
			isa = XCConfigurationList;
			buildConfigurations = (
				1538416D2A547906004C41D1 /* Debug */,
				1538416E2A547906004C41D1 /* Release */,
			);
			defaultConfigurationIsVisible = 0;
			defaultConfigurationName = Release;
		};
		1538416F2A547906004C41D1 /* Build configuration list for PBXNativeTarget "LuckyCardGame" */ = {
			isa = XCConfigurationList;
			buildConfigurations = (
				153841702A547906004C41D1 /* Debug */,
				153841712A547906004C41D1 /* Release */,
			);
			defaultConfigurationIsVisible = 0;
			defaultConfigurationName = Release;
		};
/* End XCConfigurationList section */
	};
	rootObject = 153841532A547905004C41D1 /* Project object */;
}
