// !$*UTF8*$!
{
	archiveVersion = 1;
	classes = {
	};
	objectVersion = 56;
	objects = {

/* Begin PBXBuildFile section */
		1538415F2A547905004C41D1 /* AppDelegate.swift in Sources */ = {isa = PBXBuildFile; fileRef = 1538415E2A547905004C41D1 /* AppDelegate.swift */; };
		153841612A547905004C41D1 /* SceneDelegate.swift in Sources */ = {isa = PBXBuildFile; fileRef = 153841602A547905004C41D1 /* SceneDelegate.swift */; };
		153841632A547905004C41D1 /* LuckyCardGameViewController.swift in Sources */ = {isa = PBXBuildFile; fileRef = 153841622A547905004C41D1 /* LuckyCardGameViewController.swift */; };
		153841682A547906004C41D1 /* Assets.xcassets in Resources */ = {isa = PBXBuildFile; fileRef = 153841672A547906004C41D1 /* Assets.xcassets */; };
		1538416B2A547906004C41D1 /* LaunchScreen.storyboard in Resources */ = {isa = PBXBuildFile; fileRef = 153841692A547906004C41D1 /* LaunchScreen.storyboard */; };
		1538417F2A547BE0004C41D1 /* ConvenienceInit.swift in Sources */ = {isa = PBXBuildFile; fileRef = 153841782A547BE0004C41D1 /* ConvenienceInit.swift */; };
		153841802A547BE0004C41D1 /* LayoutSupport.swift in Sources */ = {isa = PBXBuildFile; fileRef = 153841792A547BE0004C41D1 /* LayoutSupport.swift */; };
		153841812A547BE0004C41D1 /* UIConstant.swift in Sources */ = {isa = PBXBuildFile; fileRef = 1538417B2A547BE0004C41D1 /* UIConstant.swift */; };
		153841822A547BE0004C41D1 /* UISpacing.swift in Sources */ = {isa = PBXBuildFile; fileRef = 1538417C2A547BE0004C41D1 /* UISpacing.swift */; };
		153841832A547BE0004C41D1 /* BaseView.swift in Sources */ = {isa = PBXBuildFile; fileRef = 1538417E2A547BE0004C41D1 /* BaseView.swift */; };
		153841992A547C2E004C41D1 /* LuckyCardGameFooter.swift in Sources */ = {isa = PBXBuildFile; fileRef = 153841862A547C2D004C41D1 /* LuckyCardGameFooter.swift */; };
		1538419A2A547C2E004C41D1 /* PlayerCardBoardView.swift in Sources */ = {isa = PBXBuildFile; fileRef = 153841882A547C2D004C41D1 /* PlayerCardBoardView.swift */; };
		1538419B2A547C2E004C41D1 /* LuckyCardGameContentView.swift in Sources */ = {isa = PBXBuildFile; fileRef = 153841892A547C2D004C41D1 /* LuckyCardGameContentView.swift */; };
		1538419C2A547C2E004C41D1 /* LuckyCardGameView.swift in Sources */ = {isa = PBXBuildFile; fileRef = 1538418A2A547C2D004C41D1 /* LuckyCardGameView.swift */; };
		1538419D2A547C2E004C41D1 /* LuckyCardGameHeader.swift in Sources */ = {isa = PBXBuildFile; fileRef = 1538418C2A547C2D004C41D1 /* LuckyCardGameHeader.swift */; };
		1538419E2A547C2E004C41D1 /* LuckyCardGameView+Constant.swift in Sources */ = {isa = PBXBuildFile; fileRef = 1538418E2A547C2D004C41D1 /* LuckyCardGameView+Constant.swift */; };
		1538419F2A547C2E004C41D1 /* LuckyCardGameContentView+Constant.swift in Sources */ = {isa = PBXBuildFile; fileRef = 153841902A547C2D004C41D1 /* LuckyCardGameContentView+Constant.swift */; };
		153841A02A547C2E004C41D1 /* LuckyCardGamePlayerBoardView+Constant.swift in Sources */ = {isa = PBXBuildFile; fileRef = 153841912A547C2E004C41D1 /* LuckyCardGamePlayerBoardView+Constant.swift */; };
		153841A12A547C2E004C41D1 /* LuckyCardGameHeader+Constant.swift in Sources */ = {isa = PBXBuildFile; fileRef = 153841932A547C2E004C41D1 /* LuckyCardGameHeader+Constant.swift */; };
		153841A22A547C2E004C41D1 /* LuckyCardGameFooter+Constant.swift in Sources */ = {isa = PBXBuildFile; fileRef = 153841952A547C2E004C41D1 /* LuckyCardGameFooter+Constant.swift */; };
		153841A32A547C2E004C41D1 /* PlayerBoardType.swift in Sources */ = {isa = PBXBuildFile; fileRef = 153841972A547C2E004C41D1 /* PlayerBoardType.swift */; };
		153841A42A547C2E004C41D1 /* PlayerHeadCountType.swift in Sources */ = {isa = PBXBuildFile; fileRef = 153841982A547C2E004C41D1 /* PlayerHeadCountType.swift */; };
		153841AA2A5556C4004C41D1 /* LuckyCardShapeType.swift in Sources */ = {isa = PBXBuildFile; fileRef = 153841A92A5556C4004C41D1 /* LuckyCardShapeType.swift */; };
		153841AC2A5558A2004C41D1 /* LuckyCardShapeStorageImpl.swift in Sources */ = {isa = PBXBuildFile; fileRef = 153841AB2A5558A2004C41D1 /* LuckyCardShapeStorageImpl.swift */; };
		153841AE2A555FD6004C41D1 /* Card.swift in Sources */ = {isa = PBXBuildFile; fileRef = 153841AD2A555FD6004C41D1 /* Card.swift */; };
		153841B02A5569C0004C41D1 /* LuckyCard.swift in Sources */ = {isa = PBXBuildFile; fileRef = 153841AF2A5569C0004C41D1 /* LuckyCard.swift */; };
		153841B82A55A5C9004C41D1 /* CardShapeStorage.swift in Sources */ = {isa = PBXBuildFile; fileRef = 153841B72A55A5C9004C41D1 /* CardShapeStorage.swift */; };
		153841BC2A55A851004C41D1 /* CardShapeStorageFactory.swift in Sources */ = {isa = PBXBuildFile; fileRef = 153841BB2A55A851004C41D1 /* CardShapeStorageFactory.swift */; };
		153841BE2A55A8BD004C41D1 /* CardShapeStorageFactoryImpl.swift in Sources */ = {isa = PBXBuildFile; fileRef = 153841BD2A55A8BD004C41D1 /* CardShapeStorageFactoryImpl.swift */; };
		153841C02A55BB65004C41D1 /* CardConvertible.swift in Sources */ = {isa = PBXBuildFile; fileRef = 153841BF2A55BB65004C41D1 /* CardConvertible.swift */; };
		153841C32A55BF6B004C41D1 /* Deck.swift in Sources */ = {isa = PBXBuildFile; fileRef = 153841C22A55BF6B004C41D1 /* Deck.swift */; };
		153841C62A55C48E004C41D1 /* LuckyCardDeckImpl.swift in Sources */ = {isa = PBXBuildFile; fileRef = 153841C52A55C48E004C41D1 /* LuckyCardDeckImpl.swift */; };
		153841C82A55D1BA004C41D1 /* DeckConvertible.swift in Sources */ = {isa = PBXBuildFile; fileRef = 153841C72A55D1BA004C41D1 /* DeckConvertible.swift */; };
		153841CA2A55D1F8004C41D1 /* LuckyCardDeckError.swift in Sources */ = {isa = PBXBuildFile; fileRef = 153841C92A55D1F8004C41D1 /* LuckyCardDeckError.swift */; };
/* End PBXBuildFile section */

/* Begin PBXFileReference section */
		1538415B2A547905004C41D1 /* LuckyCardGame.app */ = {isa = PBXFileReference; explicitFileType = wrapper.application; includeInIndex = 0; path = LuckyCardGame.app; sourceTree = BUILT_PRODUCTS_DIR; };
		1538415E2A547905004C41D1 /* AppDelegate.swift */ = {isa = PBXFileReference; lastKnownFileType = sourcecode.swift; path = AppDelegate.swift; sourceTree = "<group>"; };
		153841602A547905004C41D1 /* SceneDelegate.swift */ = {isa = PBXFileReference; lastKnownFileType = sourcecode.swift; path = SceneDelegate.swift; sourceTree = "<group>"; };
		153841622A547905004C41D1 /* LuckyCardGameViewController.swift */ = {isa = PBXFileReference; lastKnownFileType = sourcecode.swift; path = LuckyCardGameViewController.swift; sourceTree = "<group>"; };
		153841672A547906004C41D1 /* Assets.xcassets */ = {isa = PBXFileReference; lastKnownFileType = folder.assetcatalog; path = Assets.xcassets; sourceTree = "<group>"; };
		1538416A2A547906004C41D1 /* Base */ = {isa = PBXFileReference; lastKnownFileType = file.storyboard; name = Base; path = Base.lproj/LaunchScreen.storyboard; sourceTree = "<group>"; };
		1538416C2A547906004C41D1 /* Info.plist */ = {isa = PBXFileReference; lastKnownFileType = text.plist.xml; path = Info.plist; sourceTree = "<group>"; };
		153841782A547BE0004C41D1 /* ConvenienceInit.swift */ = {isa = PBXFileReference; fileEncoding = 4; lastKnownFileType = sourcecode.swift; path = ConvenienceInit.swift; sourceTree = "<group>"; };
		153841792A547BE0004C41D1 /* LayoutSupport.swift */ = {isa = PBXFileReference; fileEncoding = 4; lastKnownFileType = sourcecode.swift; path = LayoutSupport.swift; sourceTree = "<group>"; };
		1538417B2A547BE0004C41D1 /* UIConstant.swift */ = {isa = PBXFileReference; fileEncoding = 4; lastKnownFileType = sourcecode.swift; path = UIConstant.swift; sourceTree = "<group>"; };
		1538417C2A547BE0004C41D1 /* UISpacing.swift */ = {isa = PBXFileReference; fileEncoding = 4; lastKnownFileType = sourcecode.swift; path = UISpacing.swift; sourceTree = "<group>"; };
		1538417E2A547BE0004C41D1 /* BaseView.swift */ = {isa = PBXFileReference; fileEncoding = 4; lastKnownFileType = sourcecode.swift; path = BaseView.swift; sourceTree = "<group>"; };
		153841862A547C2D004C41D1 /* LuckyCardGameFooter.swift */ = {isa = PBXFileReference; fileEncoding = 4; lastKnownFileType = sourcecode.swift; path = LuckyCardGameFooter.swift; sourceTree = "<group>"; };
		153841882A547C2D004C41D1 /* PlayerCardBoardView.swift */ = {isa = PBXFileReference; fileEncoding = 4; lastKnownFileType = sourcecode.swift; path = PlayerCardBoardView.swift; sourceTree = "<group>"; };
		153841892A547C2D004C41D1 /* LuckyCardGameContentView.swift */ = {isa = PBXFileReference; fileEncoding = 4; lastKnownFileType = sourcecode.swift; path = LuckyCardGameContentView.swift; sourceTree = "<group>"; };
		1538418A2A547C2D004C41D1 /* LuckyCardGameView.swift */ = {isa = PBXFileReference; fileEncoding = 4; lastKnownFileType = sourcecode.swift; path = LuckyCardGameView.swift; sourceTree = "<group>"; };
		1538418C2A547C2D004C41D1 /* LuckyCardGameHeader.swift */ = {isa = PBXFileReference; fileEncoding = 4; lastKnownFileType = sourcecode.swift; path = LuckyCardGameHeader.swift; sourceTree = "<group>"; };
		1538418E2A547C2D004C41D1 /* LuckyCardGameView+Constant.swift */ = {isa = PBXFileReference; fileEncoding = 4; lastKnownFileType = sourcecode.swift; path = "LuckyCardGameView+Constant.swift"; sourceTree = "<group>"; };
		153841902A547C2D004C41D1 /* LuckyCardGameContentView+Constant.swift */ = {isa = PBXFileReference; fileEncoding = 4; lastKnownFileType = sourcecode.swift; path = "LuckyCardGameContentView+Constant.swift"; sourceTree = "<group>"; };
		153841912A547C2E004C41D1 /* LuckyCardGamePlayerBoardView+Constant.swift */ = {isa = PBXFileReference; fileEncoding = 4; lastKnownFileType = sourcecode.swift; path = "LuckyCardGamePlayerBoardView+Constant.swift"; sourceTree = "<group>"; };
		153841932A547C2E004C41D1 /* LuckyCardGameHeader+Constant.swift */ = {isa = PBXFileReference; fileEncoding = 4; lastKnownFileType = sourcecode.swift; path = "LuckyCardGameHeader+Constant.swift"; sourceTree = "<group>"; };
		153841952A547C2E004C41D1 /* LuckyCardGameFooter+Constant.swift */ = {isa = PBXFileReference; fileEncoding = 4; lastKnownFileType = sourcecode.swift; path = "LuckyCardGameFooter+Constant.swift"; sourceTree = "<group>"; };
		153841972A547C2E004C41D1 /* PlayerBoardType.swift */ = {isa = PBXFileReference; fileEncoding = 4; lastKnownFileType = sourcecode.swift; path = PlayerBoardType.swift; sourceTree = "<group>"; };
		153841982A547C2E004C41D1 /* PlayerHeadCountType.swift */ = {isa = PBXFileReference; fileEncoding = 4; lastKnownFileType = sourcecode.swift; path = PlayerHeadCountType.swift; sourceTree = "<group>"; };
		153841A92A5556C4004C41D1 /* LuckyCardShapeType.swift */ = {isa = PBXFileReference; lastKnownFileType = sourcecode.swift; path = LuckyCardShapeType.swift; sourceTree = "<group>"; };
		153841AB2A5558A2004C41D1 /* LuckyCardShapeStorageImpl.swift */ = {isa = PBXFileReference; lastKnownFileType = sourcecode.swift; path = LuckyCardShapeStorageImpl.swift; sourceTree = "<group>"; };
		153841AD2A555FD6004C41D1 /* Card.swift */ = {isa = PBXFileReference; lastKnownFileType = sourcecode.swift; path = Card.swift; sourceTree = "<group>"; };
		153841AF2A5569C0004C41D1 /* LuckyCard.swift */ = {isa = PBXFileReference; lastKnownFileType = sourcecode.swift; path = LuckyCard.swift; sourceTree = "<group>"; };
		153841B72A55A5C9004C41D1 /* CardShapeStorage.swift */ = {isa = PBXFileReference; lastKnownFileType = sourcecode.swift; path = CardShapeStorage.swift; sourceTree = "<group>"; };
		153841BB2A55A851004C41D1 /* CardShapeStorageFactory.swift */ = {isa = PBXFileReference; lastKnownFileType = sourcecode.swift; path = CardShapeStorageFactory.swift; sourceTree = "<group>"; };
		153841BD2A55A8BD004C41D1 /* CardShapeStorageFactoryImpl.swift */ = {isa = PBXFileReference; lastKnownFileType = sourcecode.swift; path = CardShapeStorageFactoryImpl.swift; sourceTree = "<group>"; };
		153841BF2A55BB65004C41D1 /* CardConvertible.swift */ = {isa = PBXFileReference; lastKnownFileType = sourcecode.swift; path = CardConvertible.swift; sourceTree = "<group>"; };
		153841C22A55BF6B004C41D1 /* Deck.swift */ = {isa = PBXFileReference; lastKnownFileType = sourcecode.swift; path = Deck.swift; sourceTree = "<group>"; };
		153841C52A55C48E004C41D1 /* LuckyCardDeckImpl.swift */ = {isa = PBXFileReference; lastKnownFileType = sourcecode.swift; path = LuckyCardDeckImpl.swift; sourceTree = "<group>"; };
		153841C72A55D1BA004C41D1 /* DeckConvertible.swift */ = {isa = PBXFileReference; lastKnownFileType = sourcecode.swift; path = DeckConvertible.swift; sourceTree = "<group>"; };
		153841C92A55D1F8004C41D1 /* LuckyCardDeckError.swift */ = {isa = PBXFileReference; lastKnownFileType = sourcecode.swift; path = LuckyCardDeckError.swift; sourceTree = "<group>"; };
/* End PBXFileReference section */

/* Begin PBXFrameworksBuildPhase section */
		153841582A547905004C41D1 /* Frameworks */ = {
			isa = PBXFrameworksBuildPhase;
			buildActionMask = 2147483647;
			files = (
			);
			runOnlyForDeploymentPostprocessing = 0;
		};
/* End PBXFrameworksBuildPhase section */

/* Begin PBXGroup section */
		153841522A547905004C41D1 = {
			isa = PBXGroup;
			children = (
				1538415D2A547905004C41D1 /* Source */,
				1538415C2A547905004C41D1 /* Products */,
			);
			sourceTree = "<group>";
		};
		1538415C2A547905004C41D1 /* Products */ = {
			isa = PBXGroup;
			children = (
				1538415B2A547905004C41D1 /* LuckyCardGame.app */,
			);
			name = Products;
			sourceTree = "<group>";
		};
		1538415D2A547905004C41D1 /* Source */ = {
			isa = PBXGroup;
			children = (
				153841762A547BE0004C41D1 /* Common */,
				153841732A54792D004C41D1 /* Feature */,
				153841722A547926004C41D1 /* Support */,
			);
			path = Source;
			sourceTree = "<group>";
		};
		153841722A547926004C41D1 /* Support */ = {
			isa = PBXGroup;
			children = (
				153841602A547905004C41D1 /* SceneDelegate.swift */,
				153841672A547906004C41D1 /* Assets.xcassets */,
				153841692A547906004C41D1 /* LaunchScreen.storyboard */,
				1538416C2A547906004C41D1 /* Info.plist */,
				1538415E2A547905004C41D1 /* AppDelegate.swift */,
			);
			path = Support;
			sourceTree = "<group>";
		};
		153841732A54792D004C41D1 /* Feature */ = {
			isa = PBXGroup;
			children = (
				153841752A547ABC004C41D1 /* LuckyCardGame */,
			);
			path = Feature;
			sourceTree = "<group>";
		};
		153841742A547975004C41D1 /* ViewController */ = {
			isa = PBXGroup;
			children = (
				153841622A547905004C41D1 /* LuckyCardGameViewController.swift */,
			);
			path = ViewController;
			sourceTree = "<group>";
		};
		153841752A547ABC004C41D1 /* LuckyCardGame */ = {
			isa = PBXGroup;
			children = (
				153841962A547C2E004C41D1 /* Model */,
				153841A72A5555AC004C41D1 /* Protocol */,
				1538418D2A547C2D004C41D1 /* Constant */,
				153841842A547C2D004C41D1 /* View */,
				153841742A547975004C41D1 /* ViewController */,
			);
			path = LuckyCardGame;
			sourceTree = "<group>";
		};
		153841762A547BE0004C41D1 /* Common */ = {
			isa = PBXGroup;
			children = (
				153841772A547BE0004C41D1 /* Protocol */,
				1538417A2A547BE0004C41D1 /* Model */,
				1538417D2A547BE0004C41D1 /* View */,
			);
			path = Common;
			sourceTree = "<group>";
		};
		153841772A547BE0004C41D1 /* Protocol */ = {
			isa = PBXGroup;
			children = (
				153841782A547BE0004C41D1 /* ConvenienceInit.swift */,
				153841792A547BE0004C41D1 /* LayoutSupport.swift */,
			);
			path = Protocol;
			sourceTree = "<group>";
		};
		1538417A2A547BE0004C41D1 /* Model */ = {
			isa = PBXGroup;
			children = (
				1538417B2A547BE0004C41D1 /* UIConstant.swift */,
				1538417C2A547BE0004C41D1 /* UISpacing.swift */,
			);
			path = Model;
			sourceTree = "<group>";
		};
		1538417D2A547BE0004C41D1 /* View */ = {
			isa = PBXGroup;
			children = (
				1538417E2A547BE0004C41D1 /* BaseView.swift */,
			);
			path = View;
			sourceTree = "<group>";
		};
		153841842A547C2D004C41D1 /* View */ = {
			isa = PBXGroup;
			children = (
				1538418A2A547C2D004C41D1 /* LuckyCardGameView.swift */,
				153841852A547C2D004C41D1 /* Footer */,
				153841872A547C2D004C41D1 /* Content */,
				1538418B2A547C2D004C41D1 /* Header */,
			);
			path = View;
			sourceTree = "<group>";
		};
		153841852A547C2D004C41D1 /* Footer */ = {
			isa = PBXGroup;
			children = (
				153841862A547C2D004C41D1 /* LuckyCardGameFooter.swift */,
			);
			path = Footer;
			sourceTree = "<group>";
		};
		153841872A547C2D004C41D1 /* Content */ = {
			isa = PBXGroup;
			children = (
				153841882A547C2D004C41D1 /* PlayerCardBoardView.swift */,
				153841892A547C2D004C41D1 /* LuckyCardGameContentView.swift */,
			);
			path = Content;
			sourceTree = "<group>";
		};
		1538418B2A547C2D004C41D1 /* Header */ = {
			isa = PBXGroup;
			children = (
				1538418C2A547C2D004C41D1 /* LuckyCardGameHeader.swift */,
			);
			path = Header;
			sourceTree = "<group>";
		};
		1538418D2A547C2D004C41D1 /* Constant */ = {
			isa = PBXGroup;
			children = (
				1538418E2A547C2D004C41D1 /* LuckyCardGameView+Constant.swift */,
				1538418F2A547C2D004C41D1 /* ContentViewConstant */,
				153841922A547C2E004C41D1 /* HeaderConstant */,
				153841942A547C2E004C41D1 /* FooterConstant */,
			);
			path = Constant;
			sourceTree = "<group>";
		};
		1538418F2A547C2D004C41D1 /* ContentViewConstant */ = {
			isa = PBXGroup;
			children = (
				153841902A547C2D004C41D1 /* LuckyCardGameContentView+Constant.swift */,
				153841912A547C2E004C41D1 /* LuckyCardGamePlayerBoardView+Constant.swift */,
			);
			path = ContentViewConstant;
			sourceTree = "<group>";
		};
		153841922A547C2E004C41D1 /* HeaderConstant */ = {
			isa = PBXGroup;
			children = (
				153841932A547C2E004C41D1 /* LuckyCardGameHeader+Constant.swift */,
			);
			path = HeaderConstant;
			sourceTree = "<group>";
		};
		153841942A547C2E004C41D1 /* FooterConstant */ = {
			isa = PBXGroup;
			children = (
				153841952A547C2E004C41D1 /* LuckyCardGameFooter+Constant.swift */,
			);
			path = FooterConstant;
			sourceTree = "<group>";
		};
		153841962A547C2E004C41D1 /* Model */ = {
			isa = PBXGroup;
			children = (
				153841C12A55BF41004C41D1 /* Deck */,
				153841B92A55A82F004C41D1 /* Factory */,
				153841A62A554A7A004C41D1 /* Card */,
				153841A52A5549DF004C41D1 /* Player */,
			);
			path = Model;
			sourceTree = "<group>";
		};
		153841A52A5549DF004C41D1 /* Player */ = {
			isa = PBXGroup;
			children = (
				153841972A547C2E004C41D1 /* PlayerBoardType.swift */,
				153841982A547C2E004C41D1 /* PlayerHeadCountType.swift */,
			);
			path = Player;
			sourceTree = "<group>";
		};
		153841A62A554A7A004C41D1 /* Card */ = {
			isa = PBXGroup;
			children = (
				153841AD2A555FD6004C41D1 /* Card.swift */,
				153841AF2A5569C0004C41D1 /* LuckyCard.swift */,
				153841AB2A5558A2004C41D1 /* LuckyCardShapeStorageImpl.swift */,
				153841A92A5556C4004C41D1 /* LuckyCardShapeType.swift */,
			);
			path = Card;
			sourceTree = "<group>";
		};
		153841A72A5555AC004C41D1 /* Protocol */ = {
			isa = PBXGroup;
			children = (
				153841C42A55C452004C41D1 /* Deck */,
				153841BA2A55A843004C41D1 /* Factory */,
				153841A82A5556BB004C41D1 /* Card */,
			);
			path = Protocol;
			sourceTree = "<group>";
		};
		153841A82A5556BB004C41D1 /* Card */ = {
			isa = PBXGroup;
			children = (
				153841B72A55A5C9004C41D1 /* CardShapeStorage.swift */,
				153841BF2A55BB65004C41D1 /* CardConvertible.swift */,
			);
			path = Card;
			sourceTree = "<group>";
		};
		153841B92A55A82F004C41D1 /* Factory */ = {
			isa = PBXGroup;
			children = (
				153841BD2A55A8BD004C41D1 /* CardShapeStorageFactoryImpl.swift */,
			);
			path = Factory;
			sourceTree = "<group>";
		};
		153841BA2A55A843004C41D1 /* Factory */ = {
			isa = PBXGroup;
			children = (
				153841BB2A55A851004C41D1 /* CardShapeStorageFactory.swift */,
			);
			path = Factory;
			sourceTree = "<group>";
		};
		153841C12A55BF41004C41D1 /* Deck */ = {
			isa = PBXGroup;
			children = (
				153841C52A55C48E004C41D1 /* LuckyCardDeckImpl.swift */,
				153841C92A55D1F8004C41D1 /* LuckyCardDeckError.swift */,
			);
			path = Deck;
			sourceTree = "<group>";
		};
		153841C42A55C452004C41D1 /* Deck */ = {
			isa = PBXGroup;
			children = (
				153841C22A55BF6B004C41D1 /* Deck.swift */,
				153841C72A55D1BA004C41D1 /* DeckConvertible.swift */,
			);
			path = Deck;
			sourceTree = "<group>";
		};
/* End PBXGroup section */

/* Begin PBXNativeTarget section */
		1538415A2A547905004C41D1 /* LuckyCardGame */ = {
			isa = PBXNativeTarget;
			buildConfigurationList = 1538416F2A547906004C41D1 /* Build configuration list for PBXNativeTarget "LuckyCardGame" */;
			buildPhases = (
				153841572A547905004C41D1 /* Sources */,
				153841582A547905004C41D1 /* Frameworks */,
				153841592A547905004C41D1 /* Resources */,
			);
			buildRules = (
			);
			dependencies = (
			);
			name = LuckyCardGame;
			productName = LuckyCardGame;
			productReference = 1538415B2A547905004C41D1 /* LuckyCardGame.app */;
			productType = "com.apple.product-type.application";
		};
/* End PBXNativeTarget section */

/* Begin PBXProject section */
		153841532A547905004C41D1 /* Project object */ = {
			isa = PBXProject;
			attributes = {
				BuildIndependentTargetsInParallel = 1;
				LastSwiftUpdateCheck = 1430;
				LastUpgradeCheck = 1430;
				TargetAttributes = {
					1538415A2A547905004C41D1 = {
						CreatedOnToolsVersion = 14.3.1;
					};
				};
			};
			buildConfigurationList = 153841562A547905004C41D1 /* Build configuration list for PBXProject "LuckyCardGame" */;
			compatibilityVersion = "Xcode 14.0";
			developmentRegion = en;
			hasScannedForEncodings = 0;
			knownRegions = (
				en,
				Base,
			);
			mainGroup = 153841522A547905004C41D1;
			productRefGroup = 1538415C2A547905004C41D1 /* Products */;
			projectDirPath = "";
			projectRoot = "";
			targets = (
				1538415A2A547905004C41D1 /* LuckyCardGame */,
			);
		};
/* End PBXProject section */

/* Begin PBXResourcesBuildPhase section */
		153841592A547905004C41D1 /* Resources */ = {
			isa = PBXResourcesBuildPhase;
			buildActionMask = 2147483647;
			files = (
				1538416B2A547906004C41D1 /* LaunchScreen.storyboard in Resources */,
				153841682A547906004C41D1 /* Assets.xcassets in Resources */,
			);
			runOnlyForDeploymentPostprocessing = 0;
		};
/* End PBXResourcesBuildPhase section */

/* Begin PBXSourcesBuildPhase section */
		153841572A547905004C41D1 /* Sources */ = {
			isa = PBXSourcesBuildPhase;
			buildActionMask = 2147483647;
			files = (
				1538419E2A547C2E004C41D1 /* LuckyCardGameView+Constant.swift in Sources */,
				153841C62A55C48E004C41D1 /* LuckyCardDeckImpl.swift in Sources */,
				153841632A547905004C41D1 /* LuckyCardGameViewController.swift in Sources */,
				153841C82A55D1BA004C41D1 /* DeckConvertible.swift in Sources */,
				153841822A547BE0004C41D1 /* UISpacing.swift in Sources */,
				1538419B2A547C2E004C41D1 /* LuckyCardGameContentView.swift in Sources */,
				1538419A2A547C2E004C41D1 /* PlayerCardBoardView.swift in Sources */,
				1538419F2A547C2E004C41D1 /* LuckyCardGameContentView+Constant.swift in Sources */,
				153841802A547BE0004C41D1 /* LayoutSupport.swift in Sources */,
				153841C32A55BF6B004C41D1 /* Deck.swift in Sources */,
				153841BC2A55A851004C41D1 /* CardShapeStorageFactory.swift in Sources */,
				153841A02A547C2E004C41D1 /* LuckyCardGamePlayerBoardView+Constant.swift in Sources */,
				153841BE2A55A8BD004C41D1 /* CardShapeStorageFactoryImpl.swift in Sources */,
				153841C02A55BB65004C41D1 /* CardConvertible.swift in Sources */,
				1538419C2A547C2E004C41D1 /* LuckyCardGameView.swift in Sources */,
				153841AC2A5558A2004C41D1 /* LuckyCardShapeStorageImpl.swift in Sources */,
				153841A22A547C2E004C41D1 /* LuckyCardGameFooter+Constant.swift in Sources */,
				153841A42A547C2E004C41D1 /* PlayerHeadCountType.swift in Sources */,
				153841B82A55A5C9004C41D1 /* CardShapeStorage.swift in Sources */,
				153841A12A547C2E004C41D1 /* LuckyCardGameHeader+Constant.swift in Sources */,
				1538417F2A547BE0004C41D1 /* ConvenienceInit.swift in Sources */,
				1538415F2A547905004C41D1 /* AppDelegate.swift in Sources */,
				153841CA2A55D1F8004C41D1 /* LuckyCardDeckError.swift in Sources */,
				153841992A547C2E004C41D1 /* LuckyCardGameFooter.swift in Sources */,
				153841612A547905004C41D1 /* SceneDelegate.swift in Sources */,
				153841812A547BE0004C41D1 /* UIConstant.swift in Sources */,
				153841AE2A555FD6004C41D1 /* Card.swift in Sources */,
				153841A32A547C2E004C41D1 /* PlayerBoardType.swift in Sources */,
				153841B02A5569C0004C41D1 /* LuckyCard.swift in Sources */,
				1538419D2A547C2E004C41D1 /* LuckyCardGameHeader.swift in Sources */,
				153841AA2A5556C4004C41D1 /* LuckyCardShapeType.swift in Sources */,
				153841832A547BE0004C41D1 /* BaseView.swift in Sources */,
			);
			runOnlyForDeploymentPostprocessing = 0;
		};
/* End PBXSourcesBuildPhase section */

/* Begin PBXVariantGroup section */
		153841692A547906004C41D1 /* LaunchScreen.storyboard */ = {
			isa = PBXVariantGroup;
			children = (
				1538416A2A547906004C41D1 /* Base */,
			);
			name = LaunchScreen.storyboard;
			sourceTree = "<group>";
		};
/* End PBXVariantGroup section */

/* Begin XCBuildConfiguration section */
		1538416D2A547906004C41D1 /* Debug */ = {
			isa = XCBuildConfiguration;
			buildSettings = {
				ALWAYS_SEARCH_USER_PATHS = NO;
				CLANG_ANALYZER_NONNULL = YES;
				CLANG_ANALYZER_NUMBER_OBJECT_CONVERSION = YES_AGGRESSIVE;
				CLANG_CXX_LANGUAGE_STANDARD = "gnu++20";
				CLANG_ENABLE_MODULES = YES;
				CLANG_ENABLE_OBJC_ARC = YES;
				CLANG_ENABLE_OBJC_WEAK = YES;
				CLANG_WARN_BLOCK_CAPTURE_AUTORELEASING = YES;
				CLANG_WARN_BOOL_CONVERSION = YES;
				CLANG_WARN_COMMA = YES;
				CLANG_WARN_CONSTANT_CONVERSION = YES;
				CLANG_WARN_DEPRECATED_OBJC_IMPLEMENTATIONS = YES;
				CLANG_WARN_DIRECT_OBJC_ISA_USAGE = YES_ERROR;
				CLANG_WARN_DOCUMENTATION_COMMENTS = YES;
				CLANG_WARN_EMPTY_BODY = YES;
				CLANG_WARN_ENUM_CONVERSION = YES;
				CLANG_WARN_INFINITE_RECURSION = YES;
				CLANG_WARN_INT_CONVERSION = YES;
				CLANG_WARN_NON_LITERAL_NULL_CONVERSION = YES;
				CLANG_WARN_OBJC_IMPLICIT_RETAIN_SELF = YES;
				CLANG_WARN_OBJC_LITERAL_CONVERSION = YES;
				CLANG_WARN_OBJC_ROOT_CLASS = YES_ERROR;
				CLANG_WARN_QUOTED_INCLUDE_IN_FRAMEWORK_HEADER = YES;
				CLANG_WARN_RANGE_LOOP_ANALYSIS = YES;
				CLANG_WARN_STRICT_PROTOTYPES = YES;
				CLANG_WARN_SUSPICIOUS_MOVE = YES;
				CLANG_WARN_UNGUARDED_AVAILABILITY = YES_AGGRESSIVE;
				CLANG_WARN_UNREACHABLE_CODE = YES;
				CLANG_WARN__DUPLICATE_METHOD_MATCH = YES;
				COPY_PHASE_STRIP = NO;
				DEBUG_INFORMATION_FORMAT = dwarf;
				ENABLE_STRICT_OBJC_MSGSEND = YES;
				ENABLE_TESTABILITY = YES;
				GCC_C_LANGUAGE_STANDARD = gnu11;
				GCC_DYNAMIC_NO_PIC = NO;
				GCC_NO_COMMON_BLOCKS = YES;
				GCC_OPTIMIZATION_LEVEL = 0;
				GCC_PREPROCESSOR_DEFINITIONS = (
					"DEBUG=1",
					"$(inherited)",
				);
				GCC_WARN_64_TO_32_BIT_CONVERSION = YES;
				GCC_WARN_ABOUT_RETURN_TYPE = YES_ERROR;
				GCC_WARN_UNDECLARED_SELECTOR = YES;
				GCC_WARN_UNINITIALIZED_AUTOS = YES_AGGRESSIVE;
				GCC_WARN_UNUSED_FUNCTION = YES;
				GCC_WARN_UNUSED_VARIABLE = YES;
				INFOPLIST_KEY_CFBundleDisplayName = "럭키카드";
				IPHONEOS_DEPLOYMENT_TARGET = 16.4;
				MTL_ENABLE_DEBUG_INFO = INCLUDE_SOURCE;
				MTL_FAST_MATH = YES;
				ONLY_ACTIVE_ARCH = YES;
				SDKROOT = iphoneos;
				SWIFT_ACTIVE_COMPILATION_CONDITIONS = DEBUG;
				SWIFT_OPTIMIZATION_LEVEL = "-Onone";
			};
			name = Debug;
		};
		1538416E2A547906004C41D1 /* Release */ = {
			isa = XCBuildConfiguration;
			buildSettings = {
				ALWAYS_SEARCH_USER_PATHS = NO;
				CLANG_ANALYZER_NONNULL = YES;
				CLANG_ANALYZER_NUMBER_OBJECT_CONVERSION = YES_AGGRESSIVE;
				CLANG_CXX_LANGUAGE_STANDARD = "gnu++20";
				CLANG_ENABLE_MODULES = YES;
				CLANG_ENABLE_OBJC_ARC = YES;
				CLANG_ENABLE_OBJC_WEAK = YES;
				CLANG_WARN_BLOCK_CAPTURE_AUTORELEASING = YES;
				CLANG_WARN_BOOL_CONVERSION = YES;
				CLANG_WARN_COMMA = YES;
				CLANG_WARN_CONSTANT_CONVERSION = YES;
				CLANG_WARN_DEPRECATED_OBJC_IMPLEMENTATIONS = YES;
				CLANG_WARN_DIRECT_OBJC_ISA_USAGE = YES_ERROR;
				CLANG_WARN_DOCUMENTATION_COMMENTS = YES;
				CLANG_WARN_EMPTY_BODY = YES;
				CLANG_WARN_ENUM_CONVERSION = YES;
				CLANG_WARN_INFINITE_RECURSION = YES;
				CLANG_WARN_INT_CONVERSION = YES;
				CLANG_WARN_NON_LITERAL_NULL_CONVERSION = YES;
				CLANG_WARN_OBJC_IMPLICIT_RETAIN_SELF = YES;
				CLANG_WARN_OBJC_LITERAL_CONVERSION = YES;
				CLANG_WARN_OBJC_ROOT_CLASS = YES_ERROR;
				CLANG_WARN_QUOTED_INCLUDE_IN_FRAMEWORK_HEADER = YES;
				CLANG_WARN_RANGE_LOOP_ANALYSIS = YES;
				CLANG_WARN_STRICT_PROTOTYPES = YES;
				CLANG_WARN_SUSPICIOUS_MOVE = YES;
				CLANG_WARN_UNGUARDED_AVAILABILITY = YES_AGGRESSIVE;
				CLANG_WARN_UNREACHABLE_CODE = YES;
				CLANG_WARN__DUPLICATE_METHOD_MATCH = YES;
				COPY_PHASE_STRIP = NO;
				DEBUG_INFORMATION_FORMAT = "dwarf-with-dsym";
				ENABLE_NS_ASSERTIONS = NO;
				ENABLE_STRICT_OBJC_MSGSEND = YES;
				GCC_C_LANGUAGE_STANDARD = gnu11;
				GCC_NO_COMMON_BLOCKS = YES;
				GCC_WARN_64_TO_32_BIT_CONVERSION = YES;
				GCC_WARN_ABOUT_RETURN_TYPE = YES_ERROR;
				GCC_WARN_UNDECLARED_SELECTOR = YES;
				GCC_WARN_UNINITIALIZED_AUTOS = YES_AGGRESSIVE;
				GCC_WARN_UNUSED_FUNCTION = YES;
				GCC_WARN_UNUSED_VARIABLE = YES;
				INFOPLIST_KEY_CFBundleDisplayName = "럭키카드";
				IPHONEOS_DEPLOYMENT_TARGET = 16.4;
				MTL_ENABLE_DEBUG_INFO = NO;
				MTL_FAST_MATH = YES;
				SDKROOT = iphoneos;
				SWIFT_COMPILATION_MODE = wholemodule;
				SWIFT_OPTIMIZATION_LEVEL = "-O";
				VALIDATE_PRODUCT = YES;
			};
			name = Release;
		};
		153841702A547906004C41D1 /* Debug */ = {
			isa = XCBuildConfiguration;
			buildSettings = {
				ASSETCATALOG_COMPILER_APPICON_NAME = AppIcon;
				ASSETCATALOG_COMPILER_GLOBAL_ACCENT_COLOR_NAME = AccentColor;
				CODE_SIGN_STYLE = Automatic;
				CURRENT_PROJECT_VERSION = 1;
				GENERATE_INFOPLIST_FILE = YES;
				INFOPLIST_FILE = Source/Support/Info.plist;
				INFOPLIST_KEY_UIApplicationSupportsIndirectInputEvents = YES;
				INFOPLIST_KEY_UILaunchStoryboardName = LaunchScreen;
				INFOPLIST_KEY_UISupportedInterfaceOrientations_iPad = "UIInterfaceOrientationPortrait UIInterfaceOrientationPortraitUpsideDown UIInterfaceOrientationLandscapeLeft UIInterfaceOrientationLandscapeRight";
				INFOPLIST_KEY_UISupportedInterfaceOrientations_iPhone = "UIInterfaceOrientationPortrait UIInterfaceOrientationLandscapeLeft UIInterfaceOrientationLandscapeRight";
				LD_RUNPATH_SEARCH_PATHS = (
					"$(inherited)",
					"@executable_path/Frameworks",
				);
				MARKETING_VERSION = 1.0;
				PRODUCT_BUNDLE_IDENTIFIER = SH.LuckyCardGame;
				PRODUCT_NAME = "$(TARGET_NAME)";
				SWIFT_EMIT_LOC_STRINGS = YES;
				SWIFT_VERSION = 5.0;
				TARGETED_DEVICE_FAMILY = "1,2";
			};
			name = Debug;
		};
		153841712A547906004C41D1 /* Release */ = {
			isa = XCBuildConfiguration;
			buildSettings = {
				ASSETCATALOG_COMPILER_APPICON_NAME = AppIcon;
				ASSETCATALOG_COMPILER_GLOBAL_ACCENT_COLOR_NAME = AccentColor;
				CODE_SIGN_STYLE = Automatic;
				CURRENT_PROJECT_VERSION = 1;
				GENERATE_INFOPLIST_FILE = YES;
				INFOPLIST_FILE = Source/Support/Info.plist;
				INFOPLIST_KEY_UIApplicationSupportsIndirectInputEvents = YES;
				INFOPLIST_KEY_UILaunchStoryboardName = LaunchScreen;
				INFOPLIST_KEY_UISupportedInterfaceOrientations_iPad = "UIInterfaceOrientationPortrait UIInterfaceOrientationPortraitUpsideDown UIInterfaceOrientationLandscapeLeft UIInterfaceOrientationLandscapeRight";
				INFOPLIST_KEY_UISupportedInterfaceOrientations_iPhone = "UIInterfaceOrientationPortrait UIInterfaceOrientationLandscapeLeft UIInterfaceOrientationLandscapeRight";
				LD_RUNPATH_SEARCH_PATHS = (
					"$(inherited)",
					"@executable_path/Frameworks",
				);
				MARKETING_VERSION = 1.0;
				PRODUCT_BUNDLE_IDENTIFIER = SH.LuckyCardGame;
				PRODUCT_NAME = "$(TARGET_NAME)";
				SWIFT_EMIT_LOC_STRINGS = YES;
				SWIFT_VERSION = 5.0;
				TARGETED_DEVICE_FAMILY = "1,2";
			};
			name = Release;
		};
/* End XCBuildConfiguration section */

/* Begin XCConfigurationList section */
		153841562A547905004C41D1 /* Build configuration list for PBXProject "LuckyCardGame" */ = {
			isa = XCConfigurationList;
			buildConfigurations = (
				1538416D2A547906004C41D1 /* Debug */,
				1538416E2A547906004C41D1 /* Release */,
			);
			defaultConfigurationIsVisible = 0;
			defaultConfigurationName = Release;
		};
		1538416F2A547906004C41D1 /* Build configuration list for PBXNativeTarget "LuckyCardGame" */ = {
			isa = XCConfigurationList;
			buildConfigurations = (
				153841702A547906004C41D1 /* Debug */,
				153841712A547906004C41D1 /* Release */,
			);
			defaultConfigurationIsVisible = 0;
			defaultConfigurationName = Release;
		};
/* End XCConfigurationList section */
	};
	rootObject = 153841532A547905004C41D1 /* Project object */;
}
